
Microsoft Visual Studio Solution File, Format Version 12.00
# Visual Studio 15
VisualStudioVersion = 15.0.28010.2050
MinimumVisualStudioVersion = 10.0.40219.1
Project("{FAE04EC0-301F-11D3-BF4B-00C04F79EFBC}") = "Demo", "Demo\Demo.csproj", "{A144ADE1-B776-4160-A254-BEA60EE86FDA}"
EndProject
Global
	GlobalSection(SolutionConfigurationPlatforms) = preSolution
		Debug|Any CPU = Debug|Any CPU
		Release|Any CPU = Release|Any CPU
	EndGlobalSection
	GlobalSection(ProjectConfigurationPlatforms) = postSolution
		{A144ADE1-B776-4160-A254-BEA60EE86FDA}.Debug|Any CPU.ActiveCfg = Debug|Any CPU
		{A144ADE1-B776-4160-A254-BEA60EE86FDA}.Debug|Any CPU.Build.0 = Debug|Any CPU
		{A144ADE1-B776-4160-A254-BEA60EE86FDA}.Release|Any CPU.ActiveCfg = Release|Any CPU
		{A144ADE1-B776-4160-A254-BEA60EE86FDA}.Release|Any CPU.Build.0 = Release|Any CPU
	EndGlobalSection
	GlobalSection(SolutionProperties) = preSolution
		HideSolutionNode = FALSE
	EndGlobalSection
	GlobalSection(ExtensibilityGlobals) = postSolution
		SolutionGuid = {C5400D1E-30E7-47B0-8630-833B7FFD2ABA}
	EndGlobalSection
EndGlobal
